
Microsoft Visual Studio Solution File, Format Version 12.00
# Visual Studio 15
VisualStudioVersion = 15.0.27004.2008
MinimumVisualStudioVersion = 10.0.40219.1
Project("{FAE04EC0-301F-11D3-BF4B-00C04F79EFBC}") = "WhileLoop", "IterationStatement\WhileLoop.csproj", "{18BEEC59-D7A7-4270-93C1-326DFB66A74C}"
EndProject
Project("{FAE04EC0-301F-11D3-BF4B-00C04F79EFBC}") = "ForLoop", "ForLoop\ForLoop.csproj", "{ACC991BF-9216-4037-96F2-1AE53E48B49F}"
EndProject
Project("{FAE04EC0-301F-11D3-BF4B-00C04F79EFBC}") = "ForeachLoop", "ForeachLoop\ForeachLoop.csproj", "{0BEBB66D-A16C-448C-A756-547BFEB6C2DB}"
EndProject
Global
	GlobalSection(SolutionConfigurationPlatforms) = preSolution
		Debug|Any CPU = Debug|Any CPU
		Release|Any CPU = Release|Any CPU
	EndGlobalSection
	GlobalSection(ProjectConfigurationPlatforms) = postSolution
		{18BEEC59-D7A7-4270-93C1-326DFB66A74C}.Debug|Any CPU.ActiveCfg = Debug|Any CPU
		{18BEEC59-D7A7-4270-93C1-326DFB66A74C}.Debug|Any CPU.Build.0 = Debug|Any CPU
		{18BEEC59-D7A7-4270-93C1-326DFB66A74C}.Release|Any CPU.ActiveCfg = Release|Any CPU
		{18BEEC59-D7A7-4270-93C1-326DFB66A74C}.Release|Any CPU.Build.0 = Release|Any CPU
		{ACC991BF-9216-4037-96F2-1AE53E48B49F}.Debug|Any CPU.ActiveCfg = Debug|Any CPU
		{ACC991BF-9216-4037-96F2-1AE53E48B49F}.Debug|Any CPU.Build.0 = Debug|Any CPU
		{ACC991BF-9216-4037-96F2-1AE53E48B49F}.Release|Any CPU.ActiveCfg = Release|Any CPU
		{ACC991BF-9216-4037-96F2-1AE53E48B49F}.Release|Any CPU.Build.0 = Release|Any CPU
		{0BEBB66D-A16C-448C-A756-547BFEB6C2DB}.Debug|Any CPU.ActiveCfg = Debug|Any CPU
		{0BEBB66D-A16C-448C-A756-547BFEB6C2DB}.Debug|Any CPU.Build.0 = Debug|Any CPU
		{0BEBB66D-A16C-448C-A756-547BFEB6C2DB}.Release|Any CPU.ActiveCfg = Release|Any CPU
		{0BEBB66D-A16C-448C-A756-547BFEB6C2DB}.Release|Any CPU.Build.0 = Release|Any CPU
	EndGlobalSection
	GlobalSection(SolutionProperties) = preSolution
		HideSolutionNode = FALSE
	EndGlobalSection
	GlobalSection(ExtensibilityGlobals) = postSolution
		SolutionGuid = {1197BDA8-CF3E-4230-A004-329696CB8D67}
	EndGlobalSection
EndGlobal
