
Microsoft Visual Studio Solution File, Format Version 12.00
# Visual Studio 15
VisualStudioVersion = 15.0.27703.2026
MinimumVisualStudioVersion = 10.0.40219.1
Project("{FAE04EC0-301F-11D3-BF4B-00C04F79EFBC}") = "Pattern2", "Pattern2\Pattern2.csproj", "{2536256D-1E82-48F2-87E1-DA14BD98866C}"
EndProject
Global
	GlobalSection(SolutionConfigurationPlatforms) = preSolution
		Debug|Any CPU = Debug|Any CPU
		Release|Any CPU = Release|Any CPU
	EndGlobalSection
	GlobalSection(ProjectConfigurationPlatforms) = postSolution
		{2536256D-1E82-48F2-87E1-DA14BD98866C}.Debug|Any CPU.ActiveCfg = Debug|Any CPU
		{2536256D-1E82-48F2-87E1-DA14BD98866C}.Debug|Any CPU.Build.0 = Debug|Any CPU
		{2536256D-1E82-48F2-87E1-DA14BD98866C}.Release|Any CPU.ActiveCfg = Release|Any CPU
		{2536256D-1E82-48F2-87E1-DA14BD98866C}.Release|Any CPU.Build.0 = Release|Any CPU
	EndGlobalSection
	GlobalSection(SolutionProperties) = preSolution
		HideSolutionNode = FALSE
	EndGlobalSection
	GlobalSection(ExtensibilityGlobals) = postSolution
		SolutionGuid = {8CEFE3BA-3DA6-4152-B18F-3F6AB87F3EBC}
	EndGlobalSection
EndGlobal
